
Microsoft Visual Studio Solution File, Format Version 12.00
# Visual Studio 15
VisualStudioVersion = 15.0.28307.438
MinimumVisualStudioVersion = 10.0.40219.1
Project("{FAE04EC0-301F-11D3-BF4B-00C04F79EFBC}") = "Controller", "Controller\Controller.csproj", "{67DC37B6-3215-41F2-8A52-76E761E2CA64}"
EndProject
Project("{FAE04EC0-301F-11D3-BF4B-00C04F79EFBC}") = "Model", "Model\Model.csproj", "{58D968E0-98A3-4DE4-A2EE-4F55CD7E0699}"
EndProject
Project("{FAE04EC0-301F-11D3-BF4B-00C04F79EFBC}") = "View", "View\View.csproj", "{3731401D-E76A-43EF-B549-74CB37C6B074}"
EndProject
Project("{2150E333-8FDC-42A3-9474-1A3956D46DE8}") = "Core", "Core", "{66D5D95C-3E0B-4137-8C53-BA3F55AF1AA2}"
EndProject
Project("{2150E333-8FDC-42A3-9474-1A3956D46DE8}") = "Console", "Console", "{F3540878-D20E-4F2D-B5DB-D0D07A91A8B2}"
EndProject
Project("{FAE04EC0-301F-11D3-BF4B-00C04F79EFBC}") = "ViewConsole", "ViewConsole\ViewConsole.csproj", "{AF6E3C4D-F614-49E8-9785-11FCA1163872}"
EndProject
Project("{FAE04EC0-301F-11D3-BF4B-00C04F79EFBC}") = "ControllerConsole", "ControllerConsole\ControllerConsole.csproj", "{B74BDBE3-AF7C-4BF1-89AC-8949A14D2DCD}"
EndProject
Project("{FAE04EC0-301F-11D3-BF4B-00C04F79EFBC}") = "MainProgram", "MainProgram\MainProgram.csproj", "{4C724010-AE1A-48AC-AEE6-53EC2B15A935}"
EndProject
Global
	GlobalSection(SolutionConfigurationPlatforms) = preSolution
		Debug|Any CPU = Debug|Any CPU
		Release|Any CPU = Release|Any CPU
	EndGlobalSection
	GlobalSection(ProjectConfigurationPlatforms) = postSolution
		{67DC37B6-3215-41F2-8A52-76E761E2CA64}.Debug|Any CPU.ActiveCfg = Debug|Any CPU
		{67DC37B6-3215-41F2-8A52-76E761E2CA64}.Debug|Any CPU.Build.0 = Debug|Any CPU
		{67DC37B6-3215-41F2-8A52-76E761E2CA64}.Release|Any CPU.ActiveCfg = Release|Any CPU
		{67DC37B6-3215-41F2-8A52-76E761E2CA64}.Release|Any CPU.Build.0 = Release|Any CPU
		{58D968E0-98A3-4DE4-A2EE-4F55CD7E0699}.Debug|Any CPU.ActiveCfg = Debug|Any CPU
		{58D968E0-98A3-4DE4-A2EE-4F55CD7E0699}.Debug|Any CPU.Build.0 = Debug|Any CPU
		{58D968E0-98A3-4DE4-A2EE-4F55CD7E0699}.Release|Any CPU.ActiveCfg = Release|Any CPU
		{58D968E0-98A3-4DE4-A2EE-4F55CD7E0699}.Release|Any CPU.Build.0 = Release|Any CPU
		{3731401D-E76A-43EF-B549-74CB37C6B074}.Debug|Any CPU.ActiveCfg = Debug|Any CPU
		{3731401D-E76A-43EF-B549-74CB37C6B074}.Debug|Any CPU.Build.0 = Debug|Any CPU
		{3731401D-E76A-43EF-B549-74CB37C6B074}.Release|Any CPU.ActiveCfg = Release|Any CPU
		{3731401D-E76A-43EF-B549-74CB37C6B074}.Release|Any CPU.Build.0 = Release|Any CPU
		{AF6E3C4D-F614-49E8-9785-11FCA1163872}.Debug|Any CPU.ActiveCfg = Debug|Any CPU
		{AF6E3C4D-F614-49E8-9785-11FCA1163872}.Debug|Any CPU.Build.0 = Debug|Any CPU
		{AF6E3C4D-F614-49E8-9785-11FCA1163872}.Release|Any CPU.ActiveCfg = Release|Any CPU
		{AF6E3C4D-F614-49E8-9785-11FCA1163872}.Release|Any CPU.Build.0 = Release|Any CPU
		{B74BDBE3-AF7C-4BF1-89AC-8949A14D2DCD}.Debug|Any CPU.ActiveCfg = Debug|Any CPU
		{B74BDBE3-AF7C-4BF1-89AC-8949A14D2DCD}.Debug|Any CPU.Build.0 = Debug|Any CPU
		{B74BDBE3-AF7C-4BF1-89AC-8949A14D2DCD}.Release|Any CPU.ActiveCfg = Release|Any CPU
		{B74BDBE3-AF7C-4BF1-89AC-8949A14D2DCD}.Release|Any CPU.Build.0 = Release|Any CPU
		{4C724010-AE1A-48AC-AEE6-53EC2B15A935}.Debug|Any CPU.ActiveCfg = Debug|Any CPU
		{4C724010-AE1A-48AC-AEE6-53EC2B15A935}.Debug|Any CPU.Build.0 = Debug|Any CPU
		{4C724010-AE1A-48AC-AEE6-53EC2B15A935}.Release|Any CPU.ActiveCfg = Release|Any CPU
		{4C724010-AE1A-48AC-AEE6-53EC2B15A935}.Release|Any CPU.Build.0 = Release|Any CPU
	EndGlobalSection
	GlobalSection(SolutionProperties) = preSolution
		HideSolutionNode = FALSE
	EndGlobalSection
	GlobalSection(NestedProjects) = preSolution
		{67DC37B6-3215-41F2-8A52-76E761E2CA64} = {66D5D95C-3E0B-4137-8C53-BA3F55AF1AA2}
		{58D968E0-98A3-4DE4-A2EE-4F55CD7E0699} = {66D5D95C-3E0B-4137-8C53-BA3F55AF1AA2}
		{3731401D-E76A-43EF-B549-74CB37C6B074} = {66D5D95C-3E0B-4137-8C53-BA3F55AF1AA2}
		{AF6E3C4D-F614-49E8-9785-11FCA1163872} = {F3540878-D20E-4F2D-B5DB-D0D07A91A8B2}
		{B74BDBE3-AF7C-4BF1-89AC-8949A14D2DCD} = {F3540878-D20E-4F2D-B5DB-D0D07A91A8B2}
	EndGlobalSection
	GlobalSection(ExtensibilityGlobals) = postSolution
		SolutionGuid = {46EA8955-6026-4BB8-8372-120145E4C297}
	EndGlobalSection
EndGlobal
