
Microsoft Visual Studio Solution File, Format Version 12.00
# Visual Studio 15
VisualStudioVersion = 15.0.28307.438
MinimumVisualStudioVersion = 10.0.40219.1
Project("{2150E333-8FDC-42A3-9474-1A3956D46DE8}") = "Core", "Core", "{66D5D95C-3E0B-4137-8C53-BA3F55AF1AA2}"
EndProject
Project("{FAE04EC0-301F-11D3-BF4B-00C04F79EFBC}") = "Models", "Models\Models.csproj", "{1196009B-7BED-4865-9704-FD347B19F7ED}"
EndProject
Project("{FAE04EC0-301F-11D3-BF4B-00C04F79EFBC}") = "Views", "Views\Views.csproj", "{3731401D-E76A-43EF-B549-74CB37C6B074}"
EndProject
Project("{FAE04EC0-301F-11D3-BF4B-00C04F79EFBC}") = "Controllers", "Controllers\Controllers.csproj", "{67DC37B6-3215-41F2-8A52-76E761E2CA64}"
EndProject
Global
	GlobalSection(SolutionConfigurationPlatforms) = preSolution
		Debug|Any CPU = Debug|Any CPU
		Release|Any CPU = Release|Any CPU
	EndGlobalSection
	GlobalSection(ProjectConfigurationPlatforms) = postSolution
		{1196009B-7BED-4865-9704-FD347B19F7ED}.Debug|Any CPU.ActiveCfg = Debug|Any CPU
		{1196009B-7BED-4865-9704-FD347B19F7ED}.Debug|Any CPU.Build.0 = Debug|Any CPU
		{1196009B-7BED-4865-9704-FD347B19F7ED}.Release|Any CPU.ActiveCfg = Release|Any CPU
		{1196009B-7BED-4865-9704-FD347B19F7ED}.Release|Any CPU.Build.0 = Release|Any CPU
		{3731401D-E76A-43EF-B549-74CB37C6B074}.Debug|Any CPU.ActiveCfg = Debug|Any CPU
		{3731401D-E76A-43EF-B549-74CB37C6B074}.Debug|Any CPU.Build.0 = Debug|Any CPU
		{3731401D-E76A-43EF-B549-74CB37C6B074}.Release|Any CPU.ActiveCfg = Release|Any CPU
		{3731401D-E76A-43EF-B549-74CB37C6B074}.Release|Any CPU.Build.0 = Release|Any CPU
		{67DC37B6-3215-41F2-8A52-76E761E2CA64}.Debug|Any CPU.ActiveCfg = Debug|Any CPU
		{67DC37B6-3215-41F2-8A52-76E761E2CA64}.Debug|Any CPU.Build.0 = Debug|Any CPU
		{67DC37B6-3215-41F2-8A52-76E761E2CA64}.Release|Any CPU.ActiveCfg = Release|Any CPU
		{67DC37B6-3215-41F2-8A52-76E761E2CA64}.Release|Any CPU.Build.0 = Release|Any CPU
	EndGlobalSection
	GlobalSection(SolutionProperties) = preSolution
		HideSolutionNode = FALSE
	EndGlobalSection
	GlobalSection(NestedProjects) = preSolution
		{1196009B-7BED-4865-9704-FD347B19F7ED} = {66D5D95C-3E0B-4137-8C53-BA3F55AF1AA2}
		{3731401D-E76A-43EF-B549-74CB37C6B074} = {66D5D95C-3E0B-4137-8C53-BA3F55AF1AA2}
		{67DC37B6-3215-41F2-8A52-76E761E2CA64} = {66D5D95C-3E0B-4137-8C53-BA3F55AF1AA2}
	EndGlobalSection
	GlobalSection(ExtensibilityGlobals) = postSolution
		SolutionGuid = {46EA8955-6026-4BB8-8372-120145E4C297}
	EndGlobalSection
EndGlobal
